<?xml version="1.0" encoding="utf-8"?>
<Project ToolsVersion="4.0" xmlns="http://schemas.microsoft.com/developer/msbuild/2003">
  <ItemGroup>
    <Filter Include="Source Files">
      <UniqueIdentifier>{4FC737F1-C7A5-4376-A066-2A32D752A2FF}</UniqueIdentifier>
      <Extensions>cpp;c;cc;cxx;c++;cppm;ixx;def;odl;idl;hpj;bat;asm;asmx</Extensions>
    </Filter>
    <Filter Include="Header Files">
      <UniqueIdentifier>{93995380-89BD-4b04-88EB-625FBE52EBFB}</UniqueIdentifier>
      <Extensions>h;hh;hpp;hxx;h++;hm;inl;inc;ipp;xsd</Extensions>
    </Filter>
    <Filter Include="Resource Files">
      <UniqueIdentifier>{67DA6AB6-F800-4c08-8B7A-83BB121AAD01}</UniqueIdentifier>
      <Extensions>rc;ico;cur;bmp;dlg;rc2;rct;bin;rgs;gif;jpg;jpeg;jpe;resx;tiff;tif;png;wav;mfcribbon-ms</Extensions>
    </Filter>
    <Filter Include="Header Files\LastVersion">
      <UniqueIdentifier>{69be1c2b-baa7-4e08-a172-7497457c4fba}</UniqueIdentifier>
    </Filter>
    <Filter Include="Header Files\Core">
      <UniqueIdentifier>{46eff7a8-4a57-4f4f-8307-91eb80146679}</UniqueIdentifier>
    </Filter>
    <Filter Include="Header Files\Core\Infrastructure">
      <UniqueIdentifier>{c2e0e1a9-4d35-4f6e-9b1a-6d0c6ea3b7c1}</UniqueIdentifier>
    </Filter>
    <Filter Include="Header Files\Core\Repositories">
      <UniqueIdentifier>{8f45a2d0-1b3c-4a1e-9b7d-2d9c4f0a6e82}</UniqueIdentifier>
    </Filter>
    <Filter Include="Header Files\Core\Services">
      <UniqueIdentifier>{b35e0f6a-7d2e-43a0-9a5c-4e1b8d9a2f74}</UniqueIdentifier>
    </Filter>
    <Filter Include="Header Files\Screens">
      <UniqueIdentifier>{5eeaec4d-56d2-46c2-9d9d-ff14d9a33119}</UniqueIdentifier>
    </Filter>
    <Filter Include="Header Files\Screens\Currency">
      <UniqueIdentifier>{c7a99004-cc08-409d-b33d-ec2dd08a5ffa}</UniqueIdentifier>
    </Filter>
    <Filter Include="Header Files\Screens\User">
      <UniqueIdentifier>{2f0e0df7-e26b-4de8-ac21-e792ac055c5e}</UniqueIdentifier>
    </Filter>
    <Filter Include="Header Files\Screens\Transaction">
      <UniqueIdentifier>{14d688b2-b297-4404-b358-d7ccfe985d8f}</UniqueIdentifier>
    </Filter>
    <Filter Include="Header Files\Screens\Client">
      <UniqueIdentifier>{d4f18031-f133-4819-8b9c-b009be77b5a0}</UniqueIdentifier>
    </Filter>
    <Filter Include="Header Files\Screens\Auth">
      <UniqueIdentifier>{cadbd019-abb8-4eb2-a4b8-6db2f169ddb4}</UniqueIdentifier>
    </Filter>
  </ItemGroup>
  <ItemGroup>
    <ClCompile Include="Main.cpp">
      <Filter>Source Files</Filter>
    </ClCompile>
  </ItemGroup>
  <ItemGroup>
    <ClInclude Include="Core\Person.h">
      <Filter>Header Files\Core</Filter>
    </ClInclude>
    <ClInclude Include="Core\BankClient.h">
      <Filter>Header Files\Core</Filter>
    </ClInclude>
    <ClInclude Include="Screens\Screen.h">
      <Filter>Header Files\Screens</Filter>
    </ClInclude>
    <ClInclude Include="Screens\MainScreen.h">
      <Filter>Header Files\Screens</Filter>
    </ClInclude>
    <ClInclude Include="LastVersion\AuthManager.h">
      <Filter>Header Files\LastVersion</Filter>
    </ClInclude>
    <ClInclude Include="LastVersion\ClientManager.h">
      <Filter>Header Files\LastVersion</Filter>
    </ClInclude>
    <ClInclude Include="LastVersion\Crypto.h">
      <Filter>Header Files\LastVersion</Filter>
    </ClInclude>
    <ClInclude Include="LastVersion\FileManager.h">
      <Filter>Header Files\LastVersion</Filter>
    </ClInclude>
    <ClInclude Include="LastVersion\Globals.h">
      <Filter>Header Files\LastVersion</Filter>
    </ClInclude>
    <ClInclude Include="LastVersion\InputManager.h">
      <Filter>Header Files\LastVersion</Filter>
    </ClInclude>
    <ClInclude Include="LastVersion\Logger.h">
      <Filter>Header Files\LastVersion</Filter>
    </ClInclude>
    <ClInclude Include="LastVersion\MenuManager.h">
      <Filter>Header Files\LastVersion</Filter>
    </ClInclude>
    <ClInclude Include="LastVersion\PermissionManager.h">
      <Filter>Header Files\LastVersion</Filter>
    </ClInclude>
    <ClInclude Include="LastVersion\Session.h">
      <Filter>Header Files\LastVersion</Filter>
    </ClInclude>
    <ClInclude Include="LastVersion\TransactionManager.h">
      <Filter>Header Files\LastVersion</Filter>
    </ClInclude>
    <ClInclude Include="LastVersion\UserManager.h">
      <Filter>Header Files\LastVersion</Filter>
    </ClInclude>
    <ClInclude Include="LastVersion\Utilities.h">
      <Filter>Header Files\LastVersion</Filter>
    </ClInclude>
    <ClInclude Include="Core\User.h">
      <Filter>Header Files\Core</Filter>
    </ClInclude>
    <ClInclude Include="Core\Infrastructure\CryptoEngine.h">
      <Filter>Header Files\Core\Infrastructure</Filter>
    </ClInclude>
    <ClInclude Include="Core\Infrastructure\AtomicFileStore.h">
      <Filter>Header Files\Core\Infrastructure</Filter>
    </ClInclude>
    <ClInclude Include="Core\Infrastructure\PasswordPolicy.h">
      <Filter>Header Files\Core\Infrastructure</Filter>
    </ClInclude>
    <ClInclude Include="Core\Infrastructure\DataMigrator.h">
      <Filter>Header Files\Core\Infrastructure</Filter>
    </ClInclude>
    <ClInclude Include="Core\Infrastructure\Logger.h">
      <Filter>Header Files\Core\Infrastructure</Filter>
    </ClInclude>
    <ClInclude Include="Core\Infrastructure\PasswordHasher.h">
      <Filter>Header Files\Core\Infrastructure</Filter>
    </ClInclude>
    <ClInclude Include="Core\Infrastructure\SessionManager.h">
      <Filter>Header Files\Core\Infrastructure</Filter>
    </ClInclude>
    <ClInclude Include="Core\InterfaceComunication.h">
      <Filter>Header Files\Core</Filter>
    </ClInclude>
    <ClInclude Include="Core\Currency.h">
      <Filter>Header Files\Core</Filter>
    </ClInclude>
    <ClInclude Include="Core\Repositories\UserRepository.h">
      <Filter>Header Files\Core\Repositories</Filter>
    </ClInclude>
    <ClInclude Include="Core\Repositories\BankClientRepository.h">
      <Filter>Header Files\Core\Repositories</Filter>
    </ClInclude>
    <ClInclude Include="Core\Repositories\CurrencyRepository.h">
      <Filter>Header Files\Core\Repositories</Filter>
    </ClInclude>
    <ClInclude Include="Core\Services\AuthService.h">
      <Filter>Header Files\Core\Services</Filter>
    </ClInclude>
    <ClInclude Include="Core\Services\MenuManager.h">
      <Filter>Header Files\Core\Services</Filter>
    </ClInclude>
    <ClInclude Include="Core\Services\TransactionService.h">
      <Filter>Header Files\Core\Services</Filter>
    </ClInclude>
    <ClInclude Include="Core\Services\UserService.h">
      <Filter>Header Files\Core\Services</Filter>
    </ClInclude>
    <ClInclude Include="Screens\Client\AddNewClientScreen.h">
      <Filter>Header Files\Screens\Client</Filter>
    </ClInclude>
    <ClInclude Include="Screens\Client\ClientListScreen.h">
      <Filter>Header Files\Screens\Client</Filter>
    </ClInclude>
    <ClInclude Include="Screens\Client\DeleteClientScreen.h">
      <Filter>Header Files\Screens\Client</Filter>
    </ClInclude>
    <ClInclude Include="Screens\Client\FindClientScreen.h">
      <Filter>Header Files\Screens\Client</Filter>
    </ClInclude>
    <ClInclude Include="Screens\Client\UpdateClientScreen.h">
      <Filter>Header Files\Screens\Client</Filter>
    </ClInclude>
    <ClInclude Include="Screens\Currency\CurrenciesListScreen.h">
      <Filter>Header Files\Screens\Currency</Filter>
    </ClInclude>
    <ClInclude Include="Screens\Currency\CurrencyCalculatorScreen.h">
      <Filter>Header Files\Screens\Currency</Filter>
    </ClInclude>
    <ClInclude Include="Screens\Currency\CurrencyExchangeMainScreen.h">
      <Filter>Header Files\Screens\Currency</Filter>
    </ClInclude>
    <ClInclude Include="Screens\Currency\FindCurrencyScreen.h">
      <Filter>Header Files\Screens\Currency</Filter>
    </ClInclude>
    <ClInclude Include="Screens\Currency\UpdateCurrencyRateScreen.h">
      <Filter>Header Files\Screens\Currency</Filter>
    </ClInclude>
    <ClInclude Include="Screens\Auth\LoginRegisterScreen.h">
      <Filter>Header Files\Screens\Auth</Filter>
    </ClInclude>
    <ClInclude Include="Screens\Auth\LoginScreen.h">
      <Filter>Header Files\Screens\Auth</Filter>
    </ClInclude>
    <ClInclude Include="Screens\Transaction\DepositScreen.h">
      <Filter>Header Files\Screens\Transaction</Filter>
    </ClInclude>
    <ClInclude Include="Screens\Transaction\TotalBalancesScreen.h">
      <Filter>Header Files\Screens\Transaction</Filter>
    </ClInclude>
    <ClInclude Include="Screens\Transaction\TransactionsScreen.h">
      <Filter>Header Files\Screens\Transaction</Filter>
    </ClInclude>
    <ClInclude Include="Screens\Transaction\TransferLogScreen.h">
      <Filter>Header Files\Screens\Transaction</Filter>
    </ClInclude>
    <ClInclude Include="Screens\Transaction\TransactionHistoryScreen.h">
      <Filter>Header Files\Screens\Transaction</Filter>
    </ClInclude>
    <ClInclude Include="Screens\Transaction\TransferScreen.h">
      <Filter>Header Files\Screens\Transaction</Filter>
    </ClInclude>
    <ClInclude Include="Screens\Transaction\WithdrawScreen.h">
      <Filter>Header Files\Screens\Transaction</Filter>
    </ClInclude>
    <ClInclude Include="Screens\User\AddNewUserScreen.h">
      <Filter>Header Files\Screens\User</Filter>
    </ClInclude>
    <ClInclude Include="Screens\User\DeleteUserScreen.h">
      <Filter>Header Files\Screens\User</Filter>
    </ClInclude>
    <ClInclude Include="Screens\User\FindUserScreen.h">
      <Filter>Header Files\Screens\User</Filter>
    </ClInclude>
    <ClInclude Include="Screens\User\ManageUsersScreen.h">
      <Filter>Header Files\Screens\User</Filter>
    </ClInclude>
    <ClInclude Include="Screens\User\UpdateUserScreen.h">
      <Filter>Header Files\Screens\User</Filter>
    </ClInclude>
    <ClInclude Include="Screens\User\UsersListScreen.h">
      <Filter>Header Files\Screens\User</Filter>
    </ClInclude>
  </ItemGroup>
</Project>